// !$*UTF8*$!
{
	archiveVersion = 1;
	classes = {
	};
	objectVersion = 56;
	objects = {

/* Begin PBXBuildFile section */
		4391904F2CCECBDD00BC8A27 /* background.mp4 in Resources */ = {isa = PBXBuildFile; fileRef = 4391904E2CCECBDD00BC8A27 /* background.mp4 */; };
		43983F3F2CD2D50300B84695 /* NotificationService.swift in Sources */ = {isa = PBXBuildFile; fileRef = 43983F3E2CD2D50300B84695 /* NotificationService.swift */; };
		43983F432CD2D50300B84695 /* OneSignalNotificationServiceExtension.appex in Embed Foundation Extensions */ = {isa = PBXBuildFile; fileRef = 43983F3C2CD2D50300B84695 /* OneSignalNotificationServiceExtension.appex */; settings = {ATTRIBUTES = (RemoveHeadersOnCopy, ); }; };
		43983F4B2CD2D69200B84695 /* OneSignalExtension in Frameworks */ = {isa = PBXBuildFile; productRef = 43983F4A2CD2D69200B84695 /* OneSignalExtension */; };
		43983F4D2CD2D69200B84695 /* OneSignalFramework in Frameworks */ = {isa = PBXBuildFile; productRef = 43983F4C2CD2D69200B84695 /* OneSignalFramework */; };
		43983F4F2CD2D69200B84695 /* OneSignalInAppMessages in Frameworks */ = {isa = PBXBuildFile; productRef = 43983F4E2CD2D69200B84695 /* OneSignalInAppMessages */; };
		43983F512CD40FA600B84695 /* Configuration.swift in Sources */ = {isa = PBXBuildFile; fileRef = 43983F502CD40FA600B84695 /* Configuration.swift */; };
		43983F532CD411A400B84695 /* wipetears.gif in Resources */ = {isa = PBXBuildFile; fileRef = 43983F522CD411A400B84695 /* wipetears.gif */; };
		43ACD8472CD18F52007EEF94 /* Models.swift in Sources */ = {isa = PBXBuildFile; fileRef = 43ACD8462CD18F52007EEF94 /* Models.swift */; };
		43ACD8492CD18F67007EEF94 /* AuthManager.swift in Sources */ = {isa = PBXBuildFile; fileRef = 43ACD8482CD18F67007EEF94 /* AuthManager.swift */; };
		43ACD84B2CD18F73007EEF94 /* AuthViews.swift in Sources */ = {isa = PBXBuildFile; fileRef = 43ACD84A2CD18F73007EEF94 /* AuthViews.swift */; };
		43ACD84D2CD18F81007EEF94 /* EventViews.swift in Sources */ = {isa = PBXBuildFile; fileRef = 43ACD84C2CD18F81007EEF94 /* EventViews.swift */; };
		43ACD84F2CD18F8C007EEF94 /* ProfileViews.swift in Sources */ = {isa = PBXBuildFile; fileRef = 43ACD84E2CD18F8C007EEF94 /* ProfileViews.swift */; };
		43ACD8512CD18F98007EEF94 /* AnnouncementView.swift in Sources */ = {isa = PBXBuildFile; fileRef = 43ACD8502CD18F98007EEF94 /* AnnouncementView.swift */; };
		43ACD8532CD18FA3007EEF94 /* MainContentView.swift in Sources */ = {isa = PBXBuildFile; fileRef = 43ACD8522CD18FA3007EEF94 /* MainContentView.swift */; };
		43ACD8552CD18FB4007EEF94 /* MediaUtils.swift in Sources */ = {isa = PBXBuildFile; fileRef = 43ACD8542CD18FB4007EEF94 /* MediaUtils.swift */; };
		43ACD8572CD18FBF007EEF94 /* ViewModels.swift in Sources */ = {isa = PBXBuildFile; fileRef = 43ACD8562CD18FBF007EEF94 /* ViewModels.swift */; };
		43ACD8592CD18FCA007EEF94 /* Utilities.swift in Sources */ = {isa = PBXBuildFile; fileRef = 43ACD8582CD18FCA007EEF94 /* Utilities.swift */; };
		43ACD85B2CD29348007EEF94 /* TaskViews.swift in Sources */ = {isa = PBXBuildFile; fileRef = 43ACD85A2CD29348007EEF94 /* TaskViews.swift */; };
		43F24FCF2CCB0074007A476B /* hack_timeApp.swift in Sources */ = {isa = PBXBuildFile; fileRef = 43F24FCE2CCB0074007A476B /* hack_timeApp.swift */; };
		43F24FD12CCB0074007A476B /* ContentView.swift in Sources */ = {isa = PBXBuildFile; fileRef = 43F24FD02CCB0074007A476B /* ContentView.swift */; };
		43F24FD32CCB0075007A476B /* Assets.xcassets in Resources */ = {isa = PBXBuildFile; fileRef = 43F24FD22CCB0075007A476B /* Assets.xcassets */; };
		43F24FD62CCB0075007A476B /* Preview Assets.xcassets in Resources */ = {isa = PBXBuildFile; fileRef = 43F24FD52CCB0075007A476B /* Preview Assets.xcassets */; };
/* End PBXBuildFile section */

/* Begin PBXContainerItemProxy section */
		43983F412CD2D50300B84695 /* PBXContainerItemProxy */ = {
			isa = PBXContainerItemProxy;
			containerPortal = 43F24FC32CCB0074007A476B /* Project object */;
			proxyType = 1;
			remoteGlobalIDString = 43983F3B2CD2D50300B84695;
			remoteInfo = OneSignalNotificationServiceExtension;
		};
/* End PBXContainerItemProxy section */

/* Begin PBXCopyFilesBuildPhase section */
		43983F472CD2D50300B84695 /* Embed Foundation Extensions */ = {
			isa = PBXCopyFilesBuildPhase;
			buildActionMask = 2147483647;
			dstPath = "";
			dstSubfolderSpec = 13;
			files = (
				43983F432CD2D50300B84695 /* OneSignalNotificationServiceExtension.appex in Embed Foundation Extensions */,
			);
			name = "Embed Foundation Extensions";
			runOnlyForDeploymentPostprocessing = 0;
		};
/* End PBXCopyFilesBuildPhase section */

/* Begin PBXFileReference section */
		4391904E2CCECBDD00BC8A27 /* background.mp4 */ = {isa = PBXFileReference; lastKnownFileType = file; path = background.mp4; sourceTree = "<group>"; };
		43983F362CD2D43F00B84695 /* hack-time.entitlements */ = {isa = PBXFileReference; lastKnownFileType = text.plist.entitlements; path = "hack-time.entitlements"; sourceTree = "<group>"; };
		43983F372CD2D45800B84695 /* Info.plist */ = {isa = PBXFileReference; lastKnownFileType = text.plist; path = Info.plist; sourceTree = "<group>"; };
		43983F3C2CD2D50300B84695 /* OneSignalNotificationServiceExtension.appex */ = {isa = PBXFileReference; explicitFileType = "wrapper.app-extension"; includeInIndex = 0; path = OneSignalNotificationServiceExtension.appex; sourceTree = BUILT_PRODUCTS_DIR; };
		43983F3E2CD2D50300B84695 /* NotificationService.swift */ = {isa = PBXFileReference; lastKnownFileType = sourcecode.swift; path = NotificationService.swift; sourceTree = "<group>"; };
		43983F402CD2D50300B84695 /* Info.plist */ = {isa = PBXFileReference; lastKnownFileType = text.plist.xml; path = Info.plist; sourceTree = "<group>"; };
		43983F482CD2D54100B84695 /* OneSignalNotificationServiceExtension.entitlements */ = {isa = PBXFileReference; lastKnownFileType = text.plist.entitlements; path = OneSignalNotificationServiceExtension.entitlements; sourceTree = "<group>"; };
		43983F502CD40FA600B84695 /* Configuration.swift */ = {isa = PBXFileReference; lastKnownFileType = sourcecode.swift; path = Configuration.swift; sourceTree = "<group>"; };
		43983F522CD411A400B84695 /* wipetears.gif */ = {isa = PBXFileReference; lastKnownFileType = image.gif; path = wipetears.gif; sourceTree = "<group>"; };
		43ACD8462CD18F52007EEF94 /* Models.swift */ = {isa = PBXFileReference; lastKnownFileType = sourcecode.swift; path = Models.swift; sourceTree = "<group>"; };
		43ACD8482CD18F67007EEF94 /* AuthManager.swift */ = {isa = PBXFileReference; lastKnownFileType = sourcecode.swift; path = AuthManager.swift; sourceTree = "<group>"; };
		43ACD84A2CD18F73007EEF94 /* AuthViews.swift */ = {isa = PBXFileReference; lastKnownFileType = sourcecode.swift; path = AuthViews.swift; sourceTree = "<group>"; };
		43ACD84C2CD18F81007EEF94 /* EventViews.swift */ = {isa = PBXFileReference; lastKnownFileType = sourcecode.swift; path = EventViews.swift; sourceTree = "<group>"; };
		43ACD84E2CD18F8C007EEF94 /* ProfileViews.swift */ = {isa = PBXFileReference; lastKnownFileType = sourcecode.swift; path = ProfileViews.swift; sourceTree = "<group>"; };
		43ACD8502CD18F98007EEF94 /* AnnouncementView.swift */ = {isa = PBXFileReference; lastKnownFileType = sourcecode.swift; path = AnnouncementView.swift; sourceTree = "<group>"; };
		43ACD8522CD18FA3007EEF94 /* MainContentView.swift */ = {isa = PBXFileReference; lastKnownFileType = sourcecode.swift; path = MainContentView.swift; sourceTree = "<group>"; };
		43ACD8542CD18FB4007EEF94 /* MediaUtils.swift */ = {isa = PBXFileReference; lastKnownFileType = sourcecode.swift; path = MediaUtils.swift; sourceTree = "<group>"; };
		43ACD8562CD18FBF007EEF94 /* ViewModels.swift */ = {isa = PBXFileReference; lastKnownFileType = sourcecode.swift; path = ViewModels.swift; sourceTree = "<group>"; };
		43ACD8582CD18FCA007EEF94 /* Utilities.swift */ = {isa = PBXFileReference; lastKnownFileType = sourcecode.swift; path = Utilities.swift; sourceTree = "<group>"; };
		43ACD85A2CD29348007EEF94 /* TaskViews.swift */ = {isa = PBXFileReference; lastKnownFileType = sourcecode.swift; path = TaskViews.swift; sourceTree = "<group>"; };
		43F24FCB2CCB0074007A476B /* hack-time.app */ = {isa = PBXFileReference; explicitFileType = wrapper.application; includeInIndex = 0; path = "hack-time.app"; sourceTree = BUILT_PRODUCTS_DIR; };
		43F24FCE2CCB0074007A476B /* hack_timeApp.swift */ = {isa = PBXFileReference; lastKnownFileType = sourcecode.swift; path = hack_timeApp.swift; sourceTree = "<group>"; };
		43F24FD02CCB0074007A476B /* ContentView.swift */ = {isa = PBXFileReference; lastKnownFileType = sourcecode.swift; path = ContentView.swift; sourceTree = "<group>"; };
		43F24FD22CCB0075007A476B /* Assets.xcassets */ = {isa = PBXFileReference; lastKnownFileType = folder.assetcatalog; path = Assets.xcassets; sourceTree = "<group>"; };
		43F24FD52CCB0075007A476B /* Preview Assets.xcassets */ = {isa = PBXFileReference; lastKnownFileType = folder.assetcatalog; path = "Preview Assets.xcassets"; sourceTree = "<group>"; };
/* End PBXFileReference section */

/* Begin PBXFrameworksBuildPhase section */
		43983F392CD2D50300B84695 /* Frameworks */ = {
			isa = PBXFrameworksBuildPhase;
			buildActionMask = 2147483647;
			files = (
				43983F4B2CD2D69200B84695 /* OneSignalExtension in Frameworks */,
			);
			runOnlyForDeploymentPostprocessing = 0;
		};
		43F24FC82CCB0074007A476B /* Frameworks */ = {
			isa = PBXFrameworksBuildPhase;
			buildActionMask = 2147483647;
			files = (
				43983F4F2CD2D69200B84695 /* OneSignalInAppMessages in Frameworks */,
				43983F4D2CD2D69200B84695 /* OneSignalFramework in Frameworks */,
			);
			runOnlyForDeploymentPostprocessing = 0;
		};
/* End PBXFrameworksBuildPhase section */

/* Begin PBXGroup section */
		43983F3D2CD2D50300B84695 /* OneSignalNotificationServiceExtension */ = {
			isa = PBXGroup;
			children = (
				43983F482CD2D54100B84695 /* OneSignalNotificationServiceExtension.entitlements */,
				43983F3E2CD2D50300B84695 /* NotificationService.swift */,
				43983F402CD2D50300B84695 /* Info.plist */,
			);
			path = OneSignalNotificationServiceExtension;
			sourceTree = "<group>";
		};
		43F24FC22CCB0074007A476B = {
			isa = PBXGroup;
			children = (
				4391904E2CCECBDD00BC8A27 /* background.mp4 */,
				43983F522CD411A400B84695 /* wipetears.gif */,
				43F24FCD2CCB0074007A476B /* hack-time */,
				43983F3D2CD2D50300B84695 /* OneSignalNotificationServiceExtension */,
				43F24FCC2CCB0074007A476B /* Products */,
			);
			sourceTree = "<group>";
		};
		43F24FCC2CCB0074007A476B /* Products */ = {
			isa = PBXGroup;
			children = (
				43F24FCB2CCB0074007A476B /* hack-time.app */,
				43983F3C2CD2D50300B84695 /* OneSignalNotificationServiceExtension.appex */,
			);
			name = Products;
			sourceTree = "<group>";
		};
		43F24FCD2CCB0074007A476B /* hack-time */ = {
			isa = PBXGroup;
			children = (
				43983F372CD2D45800B84695 /* Info.plist */,
				43983F362CD2D43F00B84695 /* hack-time.entitlements */,
				43ACD8462CD18F52007EEF94 /* Models.swift */,
				43ACD8482CD18F67007EEF94 /* AuthManager.swift */,
				43ACD84A2CD18F73007EEF94 /* AuthViews.swift */,
				43ACD84C2CD18F81007EEF94 /* EventViews.swift */,
				43ACD84E2CD18F8C007EEF94 /* ProfileViews.swift */,
				43ACD8502CD18F98007EEF94 /* AnnouncementView.swift */,
				43ACD8522CD18FA3007EEF94 /* MainContentView.swift */,
				43983F502CD40FA600B84695 /* Configuration.swift */,
				43ACD85A2CD29348007EEF94 /* TaskViews.swift */,
				43ACD8542CD18FB4007EEF94 /* MediaUtils.swift */,
				43ACD8562CD18FBF007EEF94 /* ViewModels.swift */,
				43ACD8582CD18FCA007EEF94 /* Utilities.swift */,
				43F24FCE2CCB0074007A476B /* hack_timeApp.swift */,
				43F24FD02CCB0074007A476B /* ContentView.swift */,
				43F24FD22CCB0075007A476B /* Assets.xcassets */,
				43F24FD42CCB0075007A476B /* Preview Content */,
			);
			path = "hack-time";
			sourceTree = "<group>";
		};
		43F24FD42CCB0075007A476B /* Preview Content */ = {
			isa = PBXGroup;
			children = (
				43F24FD52CCB0075007A476B /* Preview Assets.xcassets */,
			);
			path = "Preview Content";
			sourceTree = "<group>";
		};
/* End PBXGroup section */

/* Begin PBXNativeTarget section */
		43983F3B2CD2D50300B84695 /* OneSignalNotificationServiceExtension */ = {
			isa = PBXNativeTarget;
			buildConfigurationList = 43983F442CD2D50300B84695 /* Build configuration list for PBXNativeTarget "OneSignalNotificationServiceExtension" */;
			buildPhases = (
				43983F382CD2D50300B84695 /* Sources */,
				43983F392CD2D50300B84695 /* Frameworks */,
				43983F3A2CD2D50300B84695 /* Resources */,
			);
			buildRules = (
			);
			dependencies = (
			);
			name = OneSignalNotificationServiceExtension;
			packageProductDependencies = (
				43983F4A2CD2D69200B84695 /* OneSignalExtension */,
			);
			productName = OneSignalNotificationServiceExtension;
			productReference = 43983F3C2CD2D50300B84695 /* OneSignalNotificationServiceExtension.appex */;
			productType = "com.apple.product-type.app-extension";
		};
		43F24FCA2CCB0074007A476B /* hack-time */ = {
			isa = PBXNativeTarget;
			buildConfigurationList = 43F24FD92CCB0075007A476B /* Build configuration list for PBXNativeTarget "hack-time" */;
			buildPhases = (
				43F24FC72CCB0074007A476B /* Sources */,
				43F24FC82CCB0074007A476B /* Frameworks */,
				43F24FC92CCB0074007A476B /* Resources */,
				43983F472CD2D50300B84695 /* Embed Foundation Extensions */,
			);
			buildRules = (
			);
			dependencies = (
				43983F422CD2D50300B84695 /* PBXTargetDependency */,
			);
			name = "hack-time";
			packageProductDependencies = (
				43983F4C2CD2D69200B84695 /* OneSignalFramework */,
				43983F4E2CD2D69200B84695 /* OneSignalInAppMessages */,
			);
			productName = "hack-time";
			productReference = 43F24FCB2CCB0074007A476B /* hack-time.app */;
			productType = "com.apple.product-type.application";
		};
/* End PBXNativeTarget section */

/* Begin PBXProject section */
		43F24FC32CCB0074007A476B /* Project object */ = {
			isa = PBXProject;
			attributes = {
				BuildIndependentTargetsInParallel = 1;
				LastSwiftUpdateCheck = 1540;
				LastUpgradeCheck = 1540;
				TargetAttributes = {
					43983F3B2CD2D50300B84695 = {
						CreatedOnToolsVersion = 15.4;
					};
					43F24FCA2CCB0074007A476B = {
						CreatedOnToolsVersion = 15.4;
					};
				};
			};
			buildConfigurationList = 43F24FC62CCB0074007A476B /* Build configuration list for PBXProject "hack-time" */;
			compatibilityVersion = "Xcode 14.0";
			developmentRegion = en;
			hasScannedForEncodings = 0;
			knownRegions = (
				en,
				Base,
			);
			mainGroup = 43F24FC22CCB0074007A476B;
			packageReferences = (
				43983F492CD2D69200B84695 /* XCRemoteSwiftPackageReference "OneSignal-XCFramework" */,
			);
			productRefGroup = 43F24FCC2CCB0074007A476B /* Products */;
			projectDirPath = "";
			projectRoot = "";
			targets = (
				43F24FCA2CCB0074007A476B /* hack-time */,
				43983F3B2CD2D50300B84695 /* OneSignalNotificationServiceExtension */,
			);
		};
/* End PBXProject section */

/* Begin PBXResourcesBuildPhase section */
		43983F3A2CD2D50300B84695 /* Resources */ = {
			isa = PBXResourcesBuildPhase;
			buildActionMask = 2147483647;
			files = (
			);
			runOnlyForDeploymentPostprocessing = 0;
		};
		43F24FC92CCB0074007A476B /* Resources */ = {
			isa = PBXResourcesBuildPhase;
			buildActionMask = 2147483647;
			files = (
				4391904F2CCECBDD00BC8A27 /* background.mp4 in Resources */,
				43983F532CD411A400B84695 /* wipetears.gif in Resources */,
				43F24FD62CCB0075007A476B /* Preview Assets.xcassets in Resources */,
				43F24FD32CCB0075007A476B /* Assets.xcassets in Resources */,
			);
			runOnlyForDeploymentPostprocessing = 0;
		};
/* End PBXResourcesBuildPhase section */

/* Begin PBXSourcesBuildPhase section */
		43983F382CD2D50300B84695 /* Sources */ = {
			isa = PBXSourcesBuildPhase;
			buildActionMask = 2147483647;
			files = (
				43983F3F2CD2D50300B84695 /* NotificationService.swift in Sources */,
			);
			runOnlyForDeploymentPostprocessing = 0;
		};
		43F24FC72CCB0074007A476B /* Sources */ = {
			isa = PBXSourcesBuildPhase;
			buildActionMask = 2147483647;
			files = (
				43ACD8552CD18FB4007EEF94 /* MediaUtils.swift in Sources */,
				43ACD85B2CD29348007EEF94 /* TaskViews.swift in Sources */,
				43983F512CD40FA600B84695 /* Configuration.swift in Sources */,
				43ACD8472CD18F52007EEF94 /* Models.swift in Sources */,
				43ACD8492CD18F67007EEF94 /* AuthManager.swift in Sources */,
				43ACD84F2CD18F8C007EEF94 /* ProfileViews.swift in Sources */,
				43ACD84B2CD18F73007EEF94 /* AuthViews.swift in Sources */,
				43ACD84D2CD18F81007EEF94 /* EventViews.swift in Sources */,
				43ACD8592CD18FCA007EEF94 /* Utilities.swift in Sources */,
				43ACD8532CD18FA3007EEF94 /* MainContentView.swift in Sources */,
				43ACD8572CD18FBF007EEF94 /* ViewModels.swift in Sources */,
				43F24FD12CCB0074007A476B /* ContentView.swift in Sources */,
				43F24FCF2CCB0074007A476B /* hack_timeApp.swift in Sources */,
				43ACD8512CD18F98007EEF94 /* AnnouncementView.swift in Sources */,
			);
			runOnlyForDeploymentPostprocessing = 0;
		};
/* End PBXSourcesBuildPhase section */

/* Begin PBXTargetDependency section */
		43983F422CD2D50300B84695 /* PBXTargetDependency */ = {
			isa = PBXTargetDependency;
			target = 43983F3B2CD2D50300B84695 /* OneSignalNotificationServiceExtension */;
			targetProxy = 43983F412CD2D50300B84695 /* PBXContainerItemProxy */;
		};
/* End PBXTargetDependency section */

/* Begin XCBuildConfiguration section */
		43983F452CD2D50300B84695 /* Debug */ = {
			isa = XCBuildConfiguration;
			buildSettings = {
				CODE_SIGN_ENTITLEMENTS = OneSignalNotificationServiceExtension/OneSignalNotificationServiceExtension.entitlements;
				CODE_SIGN_STYLE = Automatic;
				CURRENT_PROJECT_VERSION = 1;
				DEVELOPMENT_TEAM = 2H4LMN3ZLG;
				GENERATE_INFOPLIST_FILE = YES;
				INFOPLIST_FILE = OneSignalNotificationServiceExtension/Info.plist;
				INFOPLIST_KEY_CFBundleDisplayName = OneSignalNotificationServiceExtension;
				INFOPLIST_KEY_NSHumanReadableCopyright = "";
				IPHONEOS_DEPLOYMENT_TARGET = 16.0;
				LD_RUNPATH_SEARCH_PATHS = (
					"$(inherited)",
					"@executable_path/Frameworks",
					"@executable_path/../../Frameworks",
				);
				MARKETING_VERSION = 1.0;
				PRODUCT_BUNDLE_IDENTIFIER = "com.serenidad.hack-time.OneSignalNotificationServiceExtension";
				PRODUCT_NAME = "$(TARGET_NAME)";
				SKIP_INSTALL = YES;
				SWIFT_EMIT_LOC_STRINGS = YES;
				SWIFT_VERSION = 5.0;
				TARGETED_DEVICE_FAMILY = "1,2";
			};
			name = Debug;
		};
		43983F462CD2D50300B84695 /* Release */ = {
			isa = XCBuildConfiguration;
			buildSettings = {
				CODE_SIGN_ENTITLEMENTS = OneSignalNotificationServiceExtension/OneSignalNotificationServiceExtension.entitlements;
				CODE_SIGN_STYLE = Automatic;
				CURRENT_PROJECT_VERSION = 1;
				DEVELOPMENT_TEAM = 2H4LMN3ZLG;
				GENERATE_INFOPLIST_FILE = YES;
				INFOPLIST_FILE = OneSignalNotificationServiceExtension/Info.plist;
				INFOPLIST_KEY_CFBundleDisplayName = OneSignalNotificationServiceExtension;
				INFOPLIST_KEY_NSHumanReadableCopyright = "";
				IPHONEOS_DEPLOYMENT_TARGET = 16.0;
				LD_RUNPATH_SEARCH_PATHS = (
					"$(inherited)",
					"@executable_path/Frameworks",
					"@executable_path/../../Frameworks",
				);
				MARKETING_VERSION = 1.0;
				PRODUCT_BUNDLE_IDENTIFIER = "com.serenidad.hack-time.OneSignalNotificationServiceExtension";
				PRODUCT_NAME = "$(TARGET_NAME)";
				SKIP_INSTALL = YES;
				SWIFT_EMIT_LOC_STRINGS = YES;
				SWIFT_VERSION = 5.0;
				TARGETED_DEVICE_FAMILY = "1,2";
			};
			name = Release;
		};
		43F24FD72CCB0075007A476B /* Debug */ = {
			isa = XCBuildConfiguration;
			buildSettings = {
				ALWAYS_SEARCH_USER_PATHS = NO;
				ASSETCATALOG_COMPILER_GENERATE_SWIFT_ASSET_SYMBOL_EXTENSIONS = YES;
				CLANG_ANALYZER_NONNULL = YES;
				CLANG_ANALYZER_NUMBER_OBJECT_CONVERSION = YES_AGGRESSIVE;
				CLANG_CXX_LANGUAGE_STANDARD = "gnu++20";
				CLANG_ENABLE_MODULES = YES;
				CLANG_ENABLE_OBJC_ARC = YES;
				CLANG_ENABLE_OBJC_WEAK = YES;
				CLANG_WARN_BLOCK_CAPTURE_AUTORELEASING = YES;
				CLANG_WARN_BOOL_CONVERSION = YES;
				CLANG_WARN_COMMA = YES;
				CLANG_WARN_CONSTANT_CONVERSION = YES;
				CLANG_WARN_DEPRECATED_OBJC_IMPLEMENTATIONS = YES;
				CLANG_WARN_DIRECT_OBJC_ISA_USAGE = YES_ERROR;
				CLANG_WARN_DOCUMENTATION_COMMENTS = YES;
				CLANG_WARN_EMPTY_BODY = YES;
				CLANG_WARN_ENUM_CONVERSION = YES;
				CLANG_WARN_INFINITE_RECURSION = YES;
				CLANG_WARN_INT_CONVERSION = YES;
				CLANG_WARN_NON_LITERAL_NULL_CONVERSION = YES;
				CLANG_WARN_OBJC_IMPLICIT_RETAIN_SELF = YES;
				CLANG_WARN_OBJC_LITERAL_CONVERSION = YES;
				CLANG_WARN_OBJC_ROOT_CLASS = YES_ERROR;
				CLANG_WARN_QUOTED_INCLUDE_IN_FRAMEWORK_HEADER = YES;
				CLANG_WARN_RANGE_LOOP_ANALYSIS = YES;
				CLANG_WARN_STRICT_PROTOTYPES = YES;
				CLANG_WARN_SUSPICIOUS_MOVE = YES;
				CLANG_WARN_UNGUARDED_AVAILABILITY = YES_AGGRESSIVE;
				CLANG_WARN_UNREACHABLE_CODE = YES;
				CLANG_WARN__DUPLICATE_METHOD_MATCH = YES;
				COPY_PHASE_STRIP = NO;
				DEBUG_INFORMATION_FORMAT = dwarf;
				ENABLE_STRICT_OBJC_MSGSEND = YES;
				ENABLE_TESTABILITY = YES;
				ENABLE_USER_SCRIPT_SANDBOXING = YES;
				GCC_C_LANGUAGE_STANDARD = gnu17;
				GCC_DYNAMIC_NO_PIC = NO;
				GCC_NO_COMMON_BLOCKS = YES;
				GCC_OPTIMIZATION_LEVEL = 0;
				GCC_PREPROCESSOR_DEFINITIONS = (
					"DEBUG=1",
					"$(inherited)",
				);
				GCC_WARN_64_TO_32_BIT_CONVERSION = YES;
				GCC_WARN_ABOUT_RETURN_TYPE = YES_ERROR;
				GCC_WARN_UNDECLARED_SELECTOR = YES;
				GCC_WARN_UNINITIALIZED_AUTOS = YES_AGGRESSIVE;
				GCC_WARN_UNUSED_FUNCTION = YES;
				GCC_WARN_UNUSED_VARIABLE = YES;
				IPHONEOS_DEPLOYMENT_TARGET = 16.0;
				LOCALIZATION_PREFERS_STRING_CATALOGS = YES;
				MTL_ENABLE_DEBUG_INFO = INCLUDE_SOURCE;
				MTL_FAST_MATH = YES;
				ONLY_ACTIVE_ARCH = YES;
				SDKROOT = iphoneos;
				SWIFT_ACTIVE_COMPILATION_CONDITIONS = "DEBUG $(inherited)";
				SWIFT_OPTIMIZATION_LEVEL = "-Onone";
			};
			name = Debug;
		};
		43F24FD82CCB0075007A476B /* Release */ = {
			isa = XCBuildConfiguration;
			buildSettings = {
				ALWAYS_SEARCH_USER_PATHS = NO;
				ASSETCATALOG_COMPILER_GENERATE_SWIFT_ASSET_SYMBOL_EXTENSIONS = YES;
				CLANG_ANALYZER_NONNULL = YES;
				CLANG_ANALYZER_NUMBER_OBJECT_CONVERSION = YES_AGGRESSIVE;
				CLANG_CXX_LANGUAGE_STANDARD = "gnu++20";
				CLANG_ENABLE_MODULES = YES;
				CLANG_ENABLE_OBJC_ARC = YES;
				CLANG_ENABLE_OBJC_WEAK = YES;
				CLANG_WARN_BLOCK_CAPTURE_AUTORELEASING = YES;
				CLANG_WARN_BOOL_CONVERSION = YES;
				CLANG_WARN_COMMA = YES;
				CLANG_WARN_CONSTANT_CONVERSION = YES;
				CLANG_WARN_DEPRECATED_OBJC_IMPLEMENTATIONS = YES;
				CLANG_WARN_DIRECT_OBJC_ISA_USAGE = YES_ERROR;
				CLANG_WARN_DOCUMENTATION_COMMENTS = YES;
				CLANG_WARN_EMPTY_BODY = YES;
				CLANG_WARN_ENUM_CONVERSION = YES;
				CLANG_WARN_INFINITE_RECURSION = YES;
				CLANG_WARN_INT_CONVERSION = YES;
				CLANG_WARN_NON_LITERAL_NULL_CONVERSION = YES;
				CLANG_WARN_OBJC_IMPLICIT_RETAIN_SELF = YES;
				CLANG_WARN_OBJC_LITERAL_CONVERSION = YES;
				CLANG_WARN_OBJC_ROOT_CLASS = YES_ERROR;
				CLANG_WARN_QUOTED_INCLUDE_IN_FRAMEWORK_HEADER = YES;
				CLANG_WARN_RANGE_LOOP_ANALYSIS = YES;
				CLANG_WARN_STRICT_PROTOTYPES = YES;
				CLANG_WARN_SUSPICIOUS_MOVE = YES;
				CLANG_WARN_UNGUARDED_AVAILABILITY = YES_AGGRESSIVE;
				CLANG_WARN_UNREACHABLE_CODE = YES;
				CLANG_WARN__DUPLICATE_METHOD_MATCH = YES;
				COPY_PHASE_STRIP = NO;
				DEBUG_INFORMATION_FORMAT = "dwarf-with-dsym";
				ENABLE_NS_ASSERTIONS = NO;
				ENABLE_STRICT_OBJC_MSGSEND = YES;
				ENABLE_USER_SCRIPT_SANDBOXING = YES;
				GCC_C_LANGUAGE_STANDARD = gnu17;
				GCC_NO_COMMON_BLOCKS = YES;
				GCC_WARN_64_TO_32_BIT_CONVERSION = YES;
				GCC_WARN_ABOUT_RETURN_TYPE = YES_ERROR;
				GCC_WARN_UNDECLARED_SELECTOR = YES;
				GCC_WARN_UNINITIALIZED_AUTOS = YES_AGGRESSIVE;
				GCC_WARN_UNUSED_FUNCTION = YES;
				GCC_WARN_UNUSED_VARIABLE = YES;
				IPHONEOS_DEPLOYMENT_TARGET = 16.0;
				LOCALIZATION_PREFERS_STRING_CATALOGS = YES;
				MTL_ENABLE_DEBUG_INFO = NO;
				MTL_FAST_MATH = YES;
				SDKROOT = iphoneos;
				SWIFT_COMPILATION_MODE = wholemodule;
				VALIDATE_PRODUCT = YES;
			};
			name = Release;
		};
		43F24FDA2CCB0075007A476B /* Debug */ = {
			isa = XCBuildConfiguration;
			buildSettings = {
				ALWAYS_EMBED_SWIFT_STANDARD_LIBRARIES = YES;
				ASSETCATALOG_COMPILER_APPICON_NAME = AppIcon;
				ASSETCATALOG_COMPILER_GLOBAL_ACCENT_COLOR_NAME = AccentColor;
				CODE_SIGN_ENTITLEMENTS = "hack-time/hack-time.entitlements";
				CODE_SIGN_STYLE = Automatic;
				CURRENT_PROJECT_VERSION = 1;
				DEVELOPMENT_ASSET_PATHS = "\"hack-time/Preview Content\"";
				DEVELOPMENT_TEAM = 2H4LMN3ZLG;
				ENABLE_PREVIEWS = YES;
				GENERATE_INFOPLIST_FILE = YES;
				INFOPLIST_FILE = "hack-time/Info.plist";
				INFOPLIST_KEY_CFBundleDisplayName = "Hack Mind";
				INFOPLIST_KEY_UIApplicationSceneManifest_Generation = YES;
				INFOPLIST_KEY_UIApplicationSupportsIndirectInputEvents = YES;
				INFOPLIST_KEY_UILaunchScreen_Generation = YES;
				INFOPLIST_KEY_UISupportedInterfaceOrientations_iPad = "UIInterfaceOrientationPortrait UIInterfaceOrientationPortraitUpsideDown UIInterfaceOrientationLandscapeLeft UIInterfaceOrientationLandscapeRight";
				INFOPLIST_KEY_UISupportedInterfaceOrientations_iPhone = "UIInterfaceOrientationPortrait UIInterfaceOrientationLandscapeLeft UIInterfaceOrientationLandscapeRight";
				LD_RUNPATH_SEARCH_PATHS = (
					"$(inherited)",
					"@executable_path/Frameworks",
				);
				MARKETING_VERSION = 1.0;
				PRODUCT_BUNDLE_IDENTIFIER = "com.serenidad.hack-time";
				PRODUCT_NAME = "$(TARGET_NAME)";
				SUPPORTED_PLATFORMS = "iphoneos iphonesimulator";
				SUPPORTS_MACCATALYST = NO;
				SUPPORTS_MAC_DESIGNED_FOR_IPHONE_IPAD = NO;
				SUPPORTS_XR_DESIGNED_FOR_IPHONE_IPAD = NO;
				SWIFT_EMIT_LOC_STRINGS = YES;
				SWIFT_VERSION = 5.0;
				TARGETED_DEVICE_FAMILY = 1;
			};
			name = Debug;
		};
		43F24FDB2CCB0075007A476B /* Release */ = {
			isa = XCBuildConfiguration;
			buildSettings = {
				ALWAYS_EMBED_SWIFT_STANDARD_LIBRARIES = YES;
				ASSETCATALOG_COMPILER_APPICON_NAME = AppIcon;
				ASSETCATALOG_COMPILER_GLOBAL_ACCENT_COLOR_NAME = AccentColor;
				CODE_SIGN_ENTITLEMENTS = "hack-time/hack-time.entitlements";
				CODE_SIGN_STYLE = Automatic;
				CURRENT_PROJECT_VERSION = 1;
				DEVELOPMENT_ASSET_PATHS = "\"hack-time/Preview Content\"";
				DEVELOPMENT_TEAM = 2H4LMN3ZLG;
				ENABLE_PREVIEWS = YES;
				GENERATE_INFOPLIST_FILE = YES;
				INFOPLIST_FILE = "hack-time/Info.plist";
				INFOPLIST_KEY_CFBundleDisplayName = "Hack Mind";
				INFOPLIST_KEY_UIApplicationSceneManifest_Generation = YES;
				INFOPLIST_KEY_UIApplicationSupportsIndirectInputEvents = YES;
				INFOPLIST_KEY_UILaunchScreen_Generation = YES;
				INFOPLIST_KEY_UISupportedInterfaceOrientations_iPad = "UIInterfaceOrientationPortrait UIInterfaceOrientationPortraitUpsideDown UIInterfaceOrientationLandscapeLeft UIInterfaceOrientationLandscapeRight";
				INFOPLIST_KEY_UISupportedInterfaceOrientations_iPhone = "UIInterfaceOrientationPortrait UIInterfaceOrientationLandscapeLeft UIInterfaceOrientationLandscapeRight";
				LD_RUNPATH_SEARCH_PATHS = (
					"$(inherited)",
					"@executable_path/Frameworks",
				);
				MARKETING_VERSION = 1.0;
				PRODUCT_BUNDLE_IDENTIFIER = "com.serenidad.hack-time";
				PRODUCT_NAME = "$(TARGET_NAME)";
				SUPPORTED_PLATFORMS = "iphoneos iphonesimulator";
				SUPPORTS_MACCATALYST = NO;
				SUPPORTS_MAC_DESIGNED_FOR_IPHONE_IPAD = NO;
				SUPPORTS_XR_DESIGNED_FOR_IPHONE_IPAD = NO;
				SWIFT_EMIT_LOC_STRINGS = YES;
				SWIFT_VERSION = 5.0;
				TARGETED_DEVICE_FAMILY = 1;
			};
			name = Release;
		};
/* End XCBuildConfiguration section */

/* Begin XCConfigurationList section */
		43983F442CD2D50300B84695 /* Build configuration list for PBXNativeTarget "OneSignalNotificationServiceExtension" */ = {
			isa = XCConfigurationList;
			buildConfigurations = (
				43983F452CD2D50300B84695 /* Debug */,
				43983F462CD2D50300B84695 /* Release */,
			);
			defaultConfigurationIsVisible = 0;
			defaultConfigurationName = Release;
		};
		43F24FC62CCB0074007A476B /* Build configuration list for PBXProject "hack-time" */ = {
			isa = XCConfigurationList;
			buildConfigurations = (
				43F24FD72CCB0075007A476B /* Debug */,
				43F24FD82CCB0075007A476B /* Release */,
			);
			defaultConfigurationIsVisible = 0;
			defaultConfigurationName = Release;
		};
		43F24FD92CCB0075007A476B /* Build configuration list for PBXNativeTarget "hack-time" */ = {
			isa = XCConfigurationList;
			buildConfigurations = (
				43F24FDA2CCB0075007A476B /* Debug */,
				43F24FDB2CCB0075007A476B /* Release */,
			);
			defaultConfigurationIsVisible = 0;
			defaultConfigurationName = Release;
		};
/* End XCConfigurationList section */

/* Begin XCRemoteSwiftPackageReference section */
		43983F492CD2D69200B84695 /* XCRemoteSwiftPackageReference "OneSignal-XCFramework" */ = {
			isa = XCRemoteSwiftPackageReference;
			repositoryURL = "https://github.com/OneSignal/OneSignal-XCFramework";
			requirement = {
				kind = upToNextMajorVersion;
				minimumVersion = 5.2.6;
			};
		};
/* End XCRemoteSwiftPackageReference section */

/* Begin XCSwiftPackageProductDependency section */
		43983F4A2CD2D69200B84695 /* OneSignalExtension */ = {
			isa = XCSwiftPackageProductDependency;
			package = 43983F492CD2D69200B84695 /* XCRemoteSwiftPackageReference "OneSignal-XCFramework" */;
			productName = OneSignalExtension;
		};
		43983F4C2CD2D69200B84695 /* OneSignalFramework */ = {
			isa = XCSwiftPackageProductDependency;
			package = 43983F492CD2D69200B84695 /* XCRemoteSwiftPackageReference "OneSignal-XCFramework" */;
			productName = OneSignalFramework;
		};
		43983F4E2CD2D69200B84695 /* OneSignalInAppMessages */ = {
			isa = XCSwiftPackageProductDependency;
			package = 43983F492CD2D69200B84695 /* XCRemoteSwiftPackageReference "OneSignal-XCFramework" */;
			productName = OneSignalInAppMessages;
		};
/* End XCSwiftPackageProductDependency section */
	};
	rootObject = 43F24FC32CCB0074007A476B /* Project object */;
}
